
Microsoft Visual Studio Solution File, Format Version 12.00
# Visual Studio Version 17
VisualStudioVersion = 17.8.34525.116
MinimumVisualStudioVersion = 10.0.40219.1
Project("{FAE04EC0-301F-11D3-BF4B-00C04F79EFBC}") = "TestAdminLTE1", "TestAdminLTE1\TestAdminLTE1.csproj", "{7B1DB49C-3568-4512-B7CE-38A7D8608B12}"
EndProject
Global
	GlobalSection(SolutionConfigurationPlatforms) = preSolution
		Debug|Any CPU = Debug|Any CPU
		Release|Any CPU = Release|Any CPU
	EndGlobalSection
	GlobalSection(ProjectConfigurationPlatforms) = postSolution
		{7B1DB49C-3568-4512-B7CE-38A7D8608B12}.Debug|Any CPU.ActiveCfg = Debug|Any CPU
		{7B1DB49C-3568-4512-B7CE-38A7D8608B12}.Debug|Any CPU.Build.0 = Debug|Any CPU
		{7B1DB49C-3568-4512-B7CE-38A7D8608B12}.Release|Any CPU.ActiveCfg = Release|Any CPU
		{7B1DB49C-3568-4512-B7CE-38A7D8608B12}.Release|Any CPU.Build.0 = Release|Any CPU
	EndGlobalSection
	GlobalSection(SolutionProperties) = preSolution
		HideSolutionNode = FALSE
	EndGlobalSection
	GlobalSection(ExtensibilityGlobals) = postSolution
		SolutionGuid = {B6C11164-A7F7-4295-89AC-A0716540DC09}
	EndGlobalSection
EndGlobal
